{
  "name": "@codespin/shaman-config",
  "version": "0.0.1",
  "lockfileVersion": 3,
  "requires": true,
  "packages": {
    "": {
      "name": "@codespin/shaman-config",
      "version": "0.0.1",
      "license": "MIT",
      "dependencies": {
        "@codespin/shaman-types": "file:../shaman-types"
      }
    },
    "../shaman-types": {
      "name": "@codespin/shaman-types",
      "version": "0.0.1",
      "license": "MIT"
    },
    "node_modules/@codespin/shaman-types": {
      "resolved": "../shaman-types",
      "link": true
    }
  }
}
