{
  "name": "@codespin/shaman-tool-router",
  "version": "0.0.1",
  "lockfileVersion": 3,
  "requires": true,
  "packages": {
    "": {
      "name": "@codespin/shaman-tool-router",
      "version": "0.0.1",
      "license": "MIT",
      "dependencies": {
        "@codespin/shaman-core": "file:../shaman-core",
        "@codespin/shaman-types": "file:../shaman-types"
      }
    },
    "../shaman-core": {
      "name": "@codespin/shaman-core",
      "version": "0.0.1",
      "license": "MIT",
      "devDependencies": {
        "typescript": "^5.8.3"
      }
    },
    "../shaman-types": {
      "name": "@codespin/shaman-types",
      "version": "1.0.0",
      "devDependencies": {
        "typescript": "^5.5.4"
      }
    },
    "node_modules/@codespin/shaman-core": {
      "resolved": "../shaman-core",
      "link": true
    },
    "node_modules/@codespin/shaman-types": {
      "resolved": "../shaman-types",
      "link": true
    }
  }
}
