{
  "name": "@codespin/shaman-tool-router",
  "version": "0.0.1",
  "lockfileVersion": 3,
  "requires": true,
  "packages": {
    "": {
      "name": "@codespin/shaman-tool-router",
      "version": "0.0.1",
      "license": "MIT",
      "dependencies": {
        "@codespin/shaman-core": "file:../shaman-core",
        "@codespin/shaman-persistence": "file:../shaman-persistence",
        "@codespin/shaman-types": "file:../shaman-types",
        "@codespin/shaman-workflow-core": "file:../shaman-workflow-core",
        "uuid": "^9.0.1"
      },
      "devDependencies": {
        "@types/uuid": "^9.0.7",
        "typescript": "^5.3.3"
      }
    },
    "../shaman-core": {
      "name": "@codespin/shaman-core",
      "version": "0.0.1",
      "license": "MIT",
      "devDependencies": {
        "typescript": "^5.8.3"
      }
    },
    "../shaman-persistence": {
      "name": "@codespin/shaman-persistence",
      "version": "1.0.0",
      "dependencies": {
        "@codespin/shaman-types": "file:../shaman-types",
        "pg-promise": "^11.5.4"
      },
      "devDependencies": {
        "typescript": "^5.5.4"
      }
    },
    "../shaman-types": {
      "name": "@codespin/shaman-types",
      "version": "1.0.0",
      "devDependencies": {
        "typescript": "^5.5.4"
      }
    },
    "../shaman-workflow-core": {
      "name": "@codespin/shaman-workflow-core",
      "version": "0.0.1",
      "license": "MIT",
      "dependencies": {
        "@codespin/shaman-core": "file:../shaman-core",
        "@codespin/shaman-types": "file:../shaman-types"
      },
      "devDependencies": {
        "typescript": "^5.3.3"
      }
    },
    "node_modules/@codespin/shaman-core": {
      "resolved": "../shaman-core",
      "link": true
    },
    "node_modules/@codespin/shaman-persistence": {
      "resolved": "../shaman-persistence",
      "link": true
    },
    "node_modules/@codespin/shaman-types": {
      "resolved": "../shaman-types",
      "link": true
    },
    "node_modules/@codespin/shaman-workflow-core": {
      "resolved": "../shaman-workflow-core",
      "link": true
    },
    "node_modules/@types/uuid": {
      "version": "9.0.8",
      "resolved": "https://registry.npmjs.org/@types/uuid/-/uuid-9.0.8.tgz",
      "integrity": "sha512-jg+97EGIcY9AGHJJRaaPVgetKDsrTgbRjQ5Msgjh/DQKEFl0DtyRr/VCOyD1T2R1MNeWPK/u7JoGhlDZnKBAfA==",
      "dev": true,
      "license": "MIT"
    },
    "node_modules/typescript": {
      "version": "5.8.3",
      "resolved": "https://registry.npmjs.org/typescript/-/typescript-5.8.3.tgz",
      "integrity": "sha512-p1diW6TqL9L07nNxvRMM7hMMw4c5XOo/1ibL4aAIGmSAt9slTE1Xgw5KWuof2uTOvCg9BY7ZRi+GaF+7sfgPeQ==",
      "dev": true,
      "license": "Apache-2.0",
      "bin": {
        "tsc": "bin/tsc",
        "tsserver": "bin/tsserver"
      },
      "engines": {
        "node": ">=14.17"
      }
    },
    "node_modules/uuid": {
      "version": "9.0.1",
      "resolved": "https://registry.npmjs.org/uuid/-/uuid-9.0.1.tgz",
      "integrity": "sha512-b+1eJOlsR9K8HJpow9Ok3fiWOWSIcIzXodvv0rQjVoOVNpWMpxf1wZNpt4y9h10odCNrqnYp1OBzRktckBe3sA==",
      "funding": [
        "https://github.com/sponsors/broofa",
        "https://github.com/sponsors/ctavan"
      ],
      "license": "MIT",
      "bin": {
        "uuid": "dist/bin/uuid"
      }
    }
  }
}
