{
  "name": "@codespin/shaman-cli",
  "version": "0.0.1",
  "lockfileVersion": 3,
  "requires": true,
  "packages": {
    "": {
      "name": "@codespin/shaman-cli",
      "version": "0.0.1",
      "license": "MIT",
      "dependencies": {
        "@codespin/shaman-config": "file:../shaman-config",
        "@codespin/shaman-server": "file:../shaman-server",
        "@codespin/shaman-worker": "file:../shaman-worker"
      }
    },
    "../shaman-config": {
      "name": "@codespin/shaman-config",
      "version": "0.0.1",
      "license": "MIT",
      "dependencies": {
        "@codespin/shaman-types": "file:../shaman-types"
      }
    },
    "../shaman-server": {
      "name": "@codespin/shaman-server",
      "version": "0.0.1",
      "license": "MIT",
      "dependencies": {
        "@codespin/shaman-config": "file:../shaman-config",
        "@codespin/shaman-core": "file:../shaman-core",
        "@codespin/shaman-external-registry": "file:../shaman-external-registry",
        "@codespin/shaman-git-resolver": "file:../shaman-git-resolver",
        "@codespin/shaman-llm-core": "file:../shaman-llm-core",
        "@codespin/shaman-llm-vercel": "file:../shaman-llm-vercel",
        "@codespin/shaman-observability": "file:../shaman-observability",
        "@codespin/shaman-persistence": "file:../shaman-persistence",
        "@codespin/shaman-security": "file:../shaman-security",
        "@codespin/shaman-tool-router": "file:../shaman-tool-router",
        "@codespin/shaman-types": "file:../shaman-types",
        "@codespin/shaman-workflow-bullmq": "file:../shaman-workflow-bullmq",
        "@codespin/shaman-workflow-core": "file:../shaman-workflow-core",
        "@codespin/shaman-workflow-temporal": "file:../shaman-workflow-temporal"
      }
    },
    "../shaman-worker": {
      "name": "@codespin/shaman-worker",
      "version": "0.0.1",
      "license": "MIT",
      "dependencies": {
        "@codespin/shaman-config": "file:../shaman-config",
        "@codespin/shaman-core": "file:../shaman-core",
        "@codespin/shaman-git-resolver": "file:../shaman-git-resolver",
        "@codespin/shaman-llm-core": "file:../shaman-llm-core",
        "@codespin/shaman-llm-vercel": "file:../shaman-llm-vercel",
        "@codespin/shaman-observability": "file:../shaman-observability",
        "@codespin/shaman-persistence": "file:../shaman-persistence",
        "@codespin/shaman-tool-router": "file:../shaman-tool-router",
        "@codespin/shaman-types": "file:../shaman-types",
        "@codespin/shaman-workflow-bullmq": "file:../shaman-workflow-bullmq",
        "@codespin/shaman-workflow-core": "file:../shaman-workflow-core",
        "@codespin/shaman-workflow-temporal": "file:../shaman-workflow-temporal"
      }
    },
    "node_modules/@codespin/shaman-config": {
      "resolved": "../shaman-config",
      "link": true
    },
    "node_modules/@codespin/shaman-server": {
      "resolved": "../shaman-server",
      "link": true
    },
    "node_modules/@codespin/shaman-worker": {
      "resolved": "../shaman-worker",
      "link": true
    }
  }
}
