{
  "name": "@codespin/shaman-workflow-temporal",
  "version": "0.0.1",
  "lockfileVersion": 3,
  "requires": true,
  "packages": {
    "": {
      "name": "@codespin/shaman-workflow-temporal",
      "version": "0.0.1",
      "license": "MIT",
      "dependencies": {
        "@codespin/shaman-workflow-core": "file:../shaman-workflow-core"
      }
    },
    "../shaman-workflow-core": {
      "name": "@codespin/shaman-workflow-core",
      "version": "0.0.1",
      "license": "MIT",
      "dependencies": {
        "@codespin/shaman-core": "file:../shaman-core"
      }
    },
    "node_modules/@codespin/shaman-workflow-core": {
      "resolved": "../shaman-workflow-core",
      "link": true
    }
  }
}
