{
  "name": "@codespin/shaman-server",
  "version": "0.0.1",
  "lockfileVersion": 3,
  "requires": true,
  "packages": {
    "": {
      "name": "@codespin/shaman-server",
      "version": "0.0.1",
      "license": "MIT",
      "dependencies": {
        "@codespin/shaman-agents": "file:../shaman-agents",
        "@codespin/shaman-config": "file:../shaman-config",
        "@codespin/shaman-core": "file:../shaman-core",
        "@codespin/shaman-external-registry": "file:../shaman-external-registry",
        "@codespin/shaman-git-resolver": "file:../shaman-git-resolver",
        "@codespin/shaman-llm-core": "file:../shaman-llm-core",
        "@codespin/shaman-llm-vercel": "file:../shaman-llm-vercel",
        "@codespin/shaman-observability": "file:../shaman-observability",
        "@codespin/shaman-persistence": "file:../shaman-persistence",
        "@codespin/shaman-security": "file:../shaman-security",
        "@codespin/shaman-tool-router": "file:../shaman-tool-router",
        "@codespin/shaman-types": "file:../shaman-types",
        "@codespin/shaman-workflow-bullmq": "file:../shaman-workflow-bullmq",
        "@codespin/shaman-workflow-core": "file:../shaman-workflow-core",
        "@codespin/shaman-workflow-temporal": "file:../shaman-workflow-temporal"
      }
    },
    "../shaman-agents": {
      "name": "@codespin/shaman-agents",
      "version": "0.0.1",
      "license": "MIT",
      "dependencies": {
        "@codespin/shaman-core": "file:../shaman-core",
        "@codespin/shaman-external-registry": "file:../shaman-external-registry",
        "@codespin/shaman-git-resolver": "file:../shaman-git-resolver",
        "@codespin/shaman-persistence": "file:../shaman-persistence",
        "@codespin/shaman-types": "file:../shaman-types"
      },
      "devDependencies": {
        "typescript": "^5.5.4"
      }
    },
    "../shaman-config": {
      "name": "@codespin/shaman-config",
      "version": "0.0.1",
      "license": "MIT",
      "dependencies": {
        "@codespin/shaman-types": "file:../shaman-types"
      }
    },
    "../shaman-core": {
      "name": "@codespin/shaman-core",
      "version": "0.0.1",
      "license": "MIT",
      "devDependencies": {
        "typescript": "^5.8.3"
      }
    },
    "../shaman-external-registry": {
      "name": "@codespin/shaman-external-registry",
      "version": "0.0.1",
      "license": "MIT",
      "dependencies": {
        "@codespin/shaman-core": "file:../shaman-core"
      }
    },
    "../shaman-git-resolver": {
      "name": "@codespin/shaman-git-resolver",
      "version": "1.0.0",
      "dependencies": {
        "@codespin/shaman-persistence": "file:../shaman-persistence",
        "@codespin/shaman-types": "file:../shaman-types",
        "fs-extra": "^11.2.0",
        "glob": "^10.4.1",
        "gray-matter": "^4.0.3"
      },
      "devDependencies": {
        "@types/fs-extra": "^11.0.4",
        "typescript": "^5.5.4"
      }
    },
    "../shaman-llm-core": {
      "name": "@codespin/shaman-llm-core",
      "version": "0.0.1",
      "license": "MIT",
      "dependencies": {
        "@codespin/shaman-core": "file:../shaman-core"
      }
    },
    "../shaman-llm-vercel": {
      "name": "@codespin/shaman-llm-vercel",
      "version": "0.0.1",
      "license": "MIT",
      "dependencies": {
        "@codespin/shaman-llm-core": "file:../shaman-llm-core"
      }
    },
    "../shaman-observability": {
      "name": "@codespin/shaman-observability",
      "version": "0.0.1",
      "license": "MIT",
      "dependencies": {
        "@codespin/shaman-config": "file:../shaman-config",
        "@codespin/shaman-core": "file:../shaman-core"
      }
    },
    "../shaman-persistence": {
      "name": "@codespin/shaman-persistence",
      "version": "1.0.0",
      "dependencies": {
        "@codespin/shaman-types": "file:../shaman-types",
        "pg-promise": "^11.5.4"
      },
      "devDependencies": {
        "typescript": "^5.5.4"
      }
    },
    "../shaman-security": {
      "name": "@codespin/shaman-security",
      "version": "0.0.1",
      "license": "MIT",
      "dependencies": {
        "@codespin/shaman-config": "file:../shaman-config",
        "@codespin/shaman-core": "file:../shaman-core",
        "@codespin/shaman-persistence": "file:../shaman-persistence"
      }
    },
    "../shaman-tool-router": {
      "name": "@codespin/shaman-tool-router",
      "version": "0.0.1",
      "license": "MIT",
      "dependencies": {
        "@codespin/shaman-core": "file:../shaman-core",
        "@codespin/shaman-types": "file:../shaman-types"
      }
    },
    "../shaman-types": {
      "name": "@codespin/shaman-types",
      "version": "1.0.0",
      "devDependencies": {
        "typescript": "^5.5.4"
      }
    },
    "../shaman-workflow-bullmq": {
      "name": "@codespin/shaman-workflow-bullmq",
      "version": "0.0.1",
      "license": "MIT",
      "dependencies": {
        "@codespin/shaman-workflow-core": "file:../shaman-workflow-core"
      }
    },
    "../shaman-workflow-core": {
      "name": "@codespin/shaman-workflow-core",
      "version": "0.0.1",
      "license": "MIT",
      "dependencies": {
        "@codespin/shaman-core": "file:../shaman-core"
      }
    },
    "../shaman-workflow-temporal": {
      "name": "@codespin/shaman-workflow-temporal",
      "version": "0.0.1",
      "license": "MIT",
      "dependencies": {
        "@codespin/shaman-workflow-core": "file:../shaman-workflow-core"
      }
    },
    "node_modules/@codespin/shaman-agents": {
      "resolved": "../shaman-agents",
      "link": true
    },
    "node_modules/@codespin/shaman-config": {
      "resolved": "../shaman-config",
      "link": true
    },
    "node_modules/@codespin/shaman-core": {
      "resolved": "../shaman-core",
      "link": true
    },
    "node_modules/@codespin/shaman-external-registry": {
      "resolved": "../shaman-external-registry",
      "link": true
    },
    "node_modules/@codespin/shaman-git-resolver": {
      "resolved": "../shaman-git-resolver",
      "link": true
    },
    "node_modules/@codespin/shaman-llm-core": {
      "resolved": "../shaman-llm-core",
      "link": true
    },
    "node_modules/@codespin/shaman-llm-vercel": {
      "resolved": "../shaman-llm-vercel",
      "link": true
    },
    "node_modules/@codespin/shaman-observability": {
      "resolved": "../shaman-observability",
      "link": true
    },
    "node_modules/@codespin/shaman-persistence": {
      "resolved": "../shaman-persistence",
      "link": true
    },
    "node_modules/@codespin/shaman-security": {
      "resolved": "../shaman-security",
      "link": true
    },
    "node_modules/@codespin/shaman-tool-router": {
      "resolved": "../shaman-tool-router",
      "link": true
    },
    "node_modules/@codespin/shaman-types": {
      "resolved": "../shaman-types",
      "link": true
    },
    "node_modules/@codespin/shaman-workflow-bullmq": {
      "resolved": "../shaman-workflow-bullmq",
      "link": true
    },
    "node_modules/@codespin/shaman-workflow-core": {
      "resolved": "../shaman-workflow-core",
      "link": true
    },
    "node_modules/@codespin/shaman-workflow-temporal": {
      "resolved": "../shaman-workflow-temporal",
      "link": true
    }
  }
}
